
Microsoft Visual Studio Solution File, Format Version 12.00
# Visual Studio 15
VisualStudioVersion = 15.0.26124.0
MinimumVisualStudioVersion = 15.0.26124.0
Project("{2150E333-8FDC-42A3-9474-1A3956D46DE8}") = "src", "src", "{8884C595-D49B-4269-8CEE-F45ECAFE67D4}"
EndProject
Project("{FAE04EC0-301F-11D3-BF4B-00C04F79EFBC}") = "SimpleAPI", "src\SimpleAPI\SimpleAPI.csproj", "{FAC60D25-B044-4866-B18E-7673F6CF309C}"
EndProject
Project("{2150E333-8FDC-42A3-9474-1A3956D46DE8}") = "test", "test", "{0D075155-CF79-42EC-80A4-609C2F745C63}"
EndProject
Project("{FAE04EC0-301F-11D3-BF4B-00C04F79EFBC}") = "SimpleAPI.Test", "test\SimpleAPI.Test\SimpleAPI.Test.csproj", "{4504444B-9D26-4CB0-B0B1-5FA929FACD41}"
EndProject
Global
	GlobalSection(SolutionConfigurationPlatforms) = preSolution
		Debug|Any CPU = Debug|Any CPU
		Debug|x64 = Debug|x64
		Debug|x86 = Debug|x86
		Release|Any CPU = Release|Any CPU
		Release|x64 = Release|x64
		Release|x86 = Release|x86
	EndGlobalSection
	GlobalSection(SolutionProperties) = preSolution
		HideSolutionNode = FALSE
	EndGlobalSection
	GlobalSection(ProjectConfigurationPlatforms) = postSolution
		{FAC60D25-B044-4866-B18E-7673F6CF309C}.Debug|Any CPU.ActiveCfg = Debug|Any CPU
		{FAC60D25-B044-4866-B18E-7673F6CF309C}.Debug|Any CPU.Build.0 = Debug|Any CPU
		{FAC60D25-B044-4866-B18E-7673F6CF309C}.Debug|x64.ActiveCfg = Debug|Any CPU
		{FAC60D25-B044-4866-B18E-7673F6CF309C}.Debug|x64.Build.0 = Debug|Any CPU
		{FAC60D25-B044-4866-B18E-7673F6CF309C}.Debug|x86.ActiveCfg = Debug|Any CPU
		{FAC60D25-B044-4866-B18E-7673F6CF309C}.Debug|x86.Build.0 = Debug|Any CPU
		{FAC60D25-B044-4866-B18E-7673F6CF309C}.Release|Any CPU.ActiveCfg = Release|Any CPU
		{FAC60D25-B044-4866-B18E-7673F6CF309C}.Release|Any CPU.Build.0 = Release|Any CPU
		{FAC60D25-B044-4866-B18E-7673F6CF309C}.Release|x64.ActiveCfg = Release|Any CPU
		{FAC60D25-B044-4866-B18E-7673F6CF309C}.Release|x64.Build.0 = Release|Any CPU
		{FAC60D25-B044-4866-B18E-7673F6CF309C}.Release|x86.ActiveCfg = Release|Any CPU
		{FAC60D25-B044-4866-B18E-7673F6CF309C}.Release|x86.Build.0 = Release|Any CPU
		{4504444B-9D26-4CB0-B0B1-5FA929FACD41}.Debug|Any CPU.ActiveCfg = Debug|Any CPU
		{4504444B-9D26-4CB0-B0B1-5FA929FACD41}.Debug|Any CPU.Build.0 = Debug|Any CPU
		{4504444B-9D26-4CB0-B0B1-5FA929FACD41}.Debug|x64.ActiveCfg = Debug|Any CPU
		{4504444B-9D26-4CB0-B0B1-5FA929FACD41}.Debug|x64.Build.0 = Debug|Any CPU
		{4504444B-9D26-4CB0-B0B1-5FA929FACD41}.Debug|x86.ActiveCfg = Debug|Any CPU
		{4504444B-9D26-4CB0-B0B1-5FA929FACD41}.Debug|x86.Build.0 = Debug|Any CPU
		{4504444B-9D26-4CB0-B0B1-5FA929FACD41}.Release|Any CPU.ActiveCfg = Release|Any CPU
		{4504444B-9D26-4CB0-B0B1-5FA929FACD41}.Release|Any CPU.Build.0 = Release|Any CPU
		{4504444B-9D26-4CB0-B0B1-5FA929FACD41}.Release|x64.ActiveCfg = Release|Any CPU
		{4504444B-9D26-4CB0-B0B1-5FA929FACD41}.Release|x64.Build.0 = Release|Any CPU
		{4504444B-9D26-4CB0-B0B1-5FA929FACD41}.Release|x86.ActiveCfg = Release|Any CPU
		{4504444B-9D26-4CB0-B0B1-5FA929FACD41}.Release|x86.Build.0 = Release|Any CPU
	EndGlobalSection
	GlobalSection(NestedProjects) = preSolution
		{FAC60D25-B044-4866-B18E-7673F6CF309C} = {8884C595-D49B-4269-8CEE-F45ECAFE67D4}
		{4504444B-9D26-4CB0-B0B1-5FA929FACD41} = {0D075155-CF79-42EC-80A4-609C2F745C63}
	EndGlobalSection
EndGlobal
